
Microsoft Visual Studio Solution File, Format Version 12.00
# Visual Studio Version 17
VisualStudioVersion = 17.3.32804.467
MinimumVisualStudioVersion = 10.0.40219.1
Project("{FAE04EC0-301F-11D3-BF4B-00C04F79EFBC}") = "AlAnonAPI", "AlAnonAPI.csproj", "{1FA912DF-2671-48DA-B75B-55F25C5D3517}"
EndProject
Global
	GlobalSection(SolutionConfigurationPlatforms) = preSolution
		Debug|Any CPU = Debug|Any CPU
		Release|Any CPU = Release|Any CPU
	EndGlobalSection
	GlobalSection(ProjectConfigurationPlatforms) = postSolution
		{1FA912DF-2671-48DA-B75B-55F25C5D3517}.Debug|Any CPU.ActiveCfg = Debug|Any CPU
		{1FA912DF-2671-48DA-B75B-55F25C5D3517}.Debug|Any CPU.Build.0 = Debug|Any CPU
		{1FA912DF-2671-48DA-B75B-55F25C5D3517}.Release|Any CPU.ActiveCfg = Release|Any CPU
		{1FA912DF-2671-48DA-B75B-55F25C5D3517}.Release|Any CPU.Build.0 = Release|Any CPU
	EndGlobalSection
	GlobalSection(SolutionProperties) = preSolution
		HideSolutionNode = FALSE
	EndGlobalSection
	GlobalSection(ExtensibilityGlobals) = postSolution
		SolutionGuid = {5BA8D494-716D-465C-9309-EF4AD262175F}
	EndGlobalSection
EndGlobal
